
Microsoft Visual Studio Solution File, Format Version 12.00
# Visual Studio Version 16
VisualStudioVersion = 16.0.29519.87
MinimumVisualStudioVersion = 10.0.40219.1
Project("{9A19103F-16F7-4668-BE54-9A1E7A4F7556}") = "NewsTD", "NewsTD.csproj", "{9D706274-233F-4FFA-9C07-493CC89EBBB4}"
EndProject
Project("{FAE04EC0-301F-11D3-BF4B-00C04F79EFBC}") = "NewsTDTests", "..\NewsTDTests\NewsTDTests.csproj", "{3D4A4C93-3AE8-4189-B607-1A3003219CE5}"
EndProject
Global
	GlobalSection(SolutionConfigurationPlatforms) = preSolution
		Debug|Any CPU = Debug|Any CPU
		Release|Any CPU = Release|Any CPU
	EndGlobalSection
	GlobalSection(ProjectConfigurationPlatforms) = postSolution
		{9D706274-233F-4FFA-9C07-493CC89EBBB4}.Debug|Any CPU.ActiveCfg = Debug|Any CPU
		{9D706274-233F-4FFA-9C07-493CC89EBBB4}.Debug|Any CPU.Build.0 = Debug|Any CPU
		{9D706274-233F-4FFA-9C07-493CC89EBBB4}.Release|Any CPU.ActiveCfg = Release|Any CPU
		{9D706274-233F-4FFA-9C07-493CC89EBBB4}.Release|Any CPU.Build.0 = Release|Any CPU
		{3D4A4C93-3AE8-4189-B607-1A3003219CE5}.Debug|Any CPU.ActiveCfg = Debug|Any CPU
		{3D4A4C93-3AE8-4189-B607-1A3003219CE5}.Debug|Any CPU.Build.0 = Debug|Any CPU
		{3D4A4C93-3AE8-4189-B607-1A3003219CE5}.Release|Any CPU.ActiveCfg = Release|Any CPU
		{3D4A4C93-3AE8-4189-B607-1A3003219CE5}.Release|Any CPU.Build.0 = Release|Any CPU
	EndGlobalSection
	GlobalSection(SolutionProperties) = preSolution
		HideSolutionNode = FALSE
	EndGlobalSection
	GlobalSection(ExtensibilityGlobals) = postSolution
		SolutionGuid = {72B92721-8BF3-4FB9-9C84-E7C5E150CFB9}
	EndGlobalSection
EndGlobal
